// !$*UTF8*$!
{
	archiveVersion = 1;
	classes = {
	};
	objectVersion = 46;
	objects = {

/* Begin PBXBuildFile section */
		27BE8DDE1DE707D900346DB2 /* main.m in Sources */ = {isa = PBXBuildFile; fileRef = 27BE8DDD1DE707D900346DB2 /* main.m */; };
		27BE8DE11DE707D900346DB2 /* AppDelegate.m in Sources */ = {isa = PBXBuildFile; fileRef = 27BE8DE01DE707D900346DB2 /* AppDelegate.m */; };
		27BE8DE41DE707D900346DB2 /* ViewController.m in Sources */ = {isa = PBXBuildFile; fileRef = 27BE8DE31DE707D900346DB2 /* ViewController.m */; };
		27BE8DE71DE707D900346DB2 /* Main.storyboard in Resources */ = {isa = PBXBuildFile; fileRef = 27BE8DE51DE707D900346DB2 /* Main.storyboard */; };
		27BE8DE91DE707D900346DB2 /* Assets.xcassets in Resources */ = {isa = PBXBuildFile; fileRef = 27BE8DE81DE707D900346DB2 /* Assets.xcassets */; };
		27BE8DEC1DE707D900346DB2 /* LaunchScreen.storyboard in Resources */ = {isa = PBXBuildFile; fileRef = 27BE8DEA1DE707D900346DB2 /* LaunchScreen.storyboard */; };
		27BE8DF61DE707F900346DB2 /* DLPinchableView.m in Sources */ = {isa = PBXBuildFile; fileRef = 27BE8DF51DE707F900346DB2 /* DLPinchableView.m */; };
		27F08C671DE7C7AB00117FB8 /* DLParentPinchableView.m in Sources */ = {isa = PBXBuildFile; fileRef = 27F08C661DE7C7AB00117FB8 /* DLParentPinchableView.m */; };
/* End PBXBuildFile section */

/* Begin PBXFileReference section */
		27BE8DD91DE707D900346DB2 /* DLPinchableView.app */ = {isa = PBXFileReference; explicitFileType = wrapper.application; includeInIndex = 0; path = DLPinchableView.app; sourceTree = BUILT_PRODUCTS_DIR; };
		27BE8DDD1DE707D900346DB2 /* main.m */ = {isa = PBXFileReference; lastKnownFileType = sourcecode.c.objc; path = main.m; sourceTree = "<group>"; };
		27BE8DDF1DE707D900346DB2 /* AppDelegate.h */ = {isa = PBXFileReference; lastKnownFileType = sourcecode.c.h; path = AppDelegate.h; sourceTree = "<group>"; };
		27BE8DE01DE707D900346DB2 /* AppDelegate.m */ = {isa = PBXFileReference; lastKnownFileType = sourcecode.c.objc; path = AppDelegate.m; sourceTree = "<group>"; };
		27BE8DE21DE707D900346DB2 /* ViewController.h */ = {isa = PBXFileReference; lastKnownFileType = sourcecode.c.h; path = ViewController.h; sourceTree = "<group>"; };
		27BE8DE31DE707D900346DB2 /* ViewController.m */ = {isa = PBXFileReference; lastKnownFileType = sourcecode.c.objc; path = ViewController.m; sourceTree = "<group>"; };
		27BE8DE61DE707D900346DB2 /* Base */ = {isa = PBXFileReference; lastKnownFileType = file.storyboard; name = Base; path = Base.lproj/Main.storyboard; sourceTree = "<group>"; };
		27BE8DE81DE707D900346DB2 /* Assets.xcassets */ = {isa = PBXFileReference; lastKnownFileType = folder.assetcatalog; path = Assets.xcassets; sourceTree = "<group>"; };
		27BE8DEB1DE707D900346DB2 /* Base */ = {isa = PBXFileReference; lastKnownFileType = file.storyboard; name = Base; path = Base.lproj/LaunchScreen.storyboard; sourceTree = "<group>"; };
		27BE8DED1DE707D900346DB2 /* Info.plist */ = {isa = PBXFileReference; lastKnownFileType = text.plist.xml; path = Info.plist; sourceTree = "<group>"; };
		27BE8DF41DE707F900346DB2 /* DLPinchableView.h */ = {isa = PBXFileReference; fileEncoding = 4; lastKnownFileType = sourcecode.c.h; name = DLPinchableView.h; path = DLPinchableView/DLPinchableView.h; sourceTree = "<group>"; };
		27BE8DF51DE707F900346DB2 /* DLPinchableView.m */ = {isa = PBXFileReference; fileEncoding = 4; lastKnownFileType = sourcecode.c.objc; name = DLPinchableView.m; path = DLPinchableView/DLPinchableView.m; sourceTree = "<group>"; };
		27F08C651DE7C7AB00117FB8 /* DLParentPinchableView.h */ = {isa = PBXFileReference; fileEncoding = 4; lastKnownFileType = sourcecode.c.h; name = DLParentPinchableView.h; path = DLPinchableView/DLParentPinchableView.h; sourceTree = "<group>"; };
		27F08C661DE7C7AB00117FB8 /* DLParentPinchableView.m */ = {isa = PBXFileReference; fileEncoding = 4; lastKnownFileType = sourcecode.c.objc; name = DLParentPinchableView.m; path = DLPinchableView/DLParentPinchableView.m; sourceTree = "<group>"; };
/* End PBXFileReference section */

/* Begin PBXFrameworksBuildPhase section */
		27BE8DD61DE707D900346DB2 /* Frameworks */ = {
			isa = PBXFrameworksBuildPhase;
			buildActionMask = 2147483647;
			files = (
			);
			runOnlyForDeploymentPostprocessing = 0;
		};
/* End PBXFrameworksBuildPhase section */

/* Begin PBXGroup section */
		27BE8DD01DE707D900346DB2 = {
			isa = PBXGroup;
			children = (
				27BE8DDB1DE707D900346DB2 /* DLPinchableView */,
				27BE8DDA1DE707D900346DB2 /* Products */,
			);
			sourceTree = "<group>";
		};
		27BE8DDA1DE707D900346DB2 /* Products */ = {
			isa = PBXGroup;
			children = (
				27BE8DD91DE707D900346DB2 /* DLPinchableView.app */,
			);
			name = Products;
			sourceTree = "<group>";
		};
		27BE8DDB1DE707D900346DB2 /* DLPinchableView */ = {
			isa = PBXGroup;
			children = (
				27BE8DF31DE707EA00346DB2 /* DLPinchableView */,
				27BE8DDF1DE707D900346DB2 /* AppDelegate.h */,
				27BE8DE01DE707D900346DB2 /* AppDelegate.m */,
				27BE8DE21DE707D900346DB2 /* ViewController.h */,
				27BE8DE31DE707D900346DB2 /* ViewController.m */,
				27BE8DE51DE707D900346DB2 /* Main.storyboard */,
				27BE8DE81DE707D900346DB2 /* Assets.xcassets */,
				27BE8DEA1DE707D900346DB2 /* LaunchScreen.storyboard */,
				27BE8DED1DE707D900346DB2 /* Info.plist */,
				27BE8DDC1DE707D900346DB2 /* Supporting Files */,
			);
			path = DLPinchableView;
			sourceTree = "<group>";
		};
		27BE8DDC1DE707D900346DB2 /* Supporting Files */ = {
			isa = PBXGroup;
			children = (
				27BE8DDD1DE707D900346DB2 /* main.m */,
			);
			name = "Supporting Files";
			sourceTree = "<group>";
		};
		27BE8DF31DE707EA00346DB2 /* DLPinchableView */ = {
			isa = PBXGroup;
			children = (
				27BE8DF41DE707F900346DB2 /* DLPinchableView.h */,
				27BE8DF51DE707F900346DB2 /* DLPinchableView.m */,
				27F08C651DE7C7AB00117FB8 /* DLParentPinchableView.h */,
				27F08C661DE7C7AB00117FB8 /* DLParentPinchableView.m */,
			);
			name = DLPinchableView;
			sourceTree = "<group>";
		};
/* End PBXGroup section */

/* Begin PBXNativeTarget section */
		27BE8DD81DE707D900346DB2 /* DLPinchableView */ = {
			isa = PBXNativeTarget;
			buildConfigurationList = 27BE8DF01DE707D900346DB2 /* Build configuration list for PBXNativeTarget "DLPinchableView" */;
			buildPhases = (
				27BE8DD51DE707D900346DB2 /* Sources */,
				27BE8DD61DE707D900346DB2 /* Frameworks */,
				27BE8DD71DE707D900346DB2 /* Resources */,
			);
			buildRules = (
			);
			dependencies = (
			);
			name = DLPinchableView;
			productName = DLPinchableView;
			productReference = 27BE8DD91DE707D900346DB2 /* DLPinchableView.app */;
			productType = "com.apple.product-type.application";
		};
/* End PBXNativeTarget section */

/* Begin PBXProject section */
		27BE8DD11DE707D900346DB2 /* Project object */ = {
			isa = PBXProject;
			attributes = {
				LastUpgradeCheck = 0730;
				ORGANIZATIONNAME = dheina.com;
				TargetAttributes = {
					27BE8DD81DE707D900346DB2 = {
						CreatedOnToolsVersion = 7.3.1;
					};
				};
			};
			buildConfigurationList = 27BE8DD41DE707D900346DB2 /* Build configuration list for PBXProject "DLPinchableView" */;
			compatibilityVersion = "Xcode 3.2";
			developmentRegion = English;
			hasScannedForEncodings = 0;
			knownRegions = (
				en,
				Base,
			);
			mainGroup = 27BE8DD01DE707D900346DB2;
			productRefGroup = 27BE8DDA1DE707D900346DB2 /* Products */;
			projectDirPath = "";
			projectRoot = "";
			targets = (
				27BE8DD81DE707D900346DB2 /* DLPinchableView */,
			);
		};
/* End PBXProject section */

/* Begin PBXResourcesBuildPhase section */
		27BE8DD71DE707D900346DB2 /* Resources */ = {
			isa = PBXResourcesBuildPhase;
			buildActionMask = 2147483647;
			files = (
				27BE8DEC1DE707D900346DB2 /* LaunchScreen.storyboard in Resources */,
				27BE8DE91DE707D900346DB2 /* Assets.xcassets in Resources */,
				27BE8DE71DE707D900346DB2 /* Main.storyboard in Resources */,
			);
			runOnlyForDeploymentPostprocessing = 0;
		};
/* End PBXResourcesBuildPhase section */

/* Begin PBXSourcesBuildPhase section */
		27BE8DD51DE707D900346DB2 /* Sources */ = {
			isa = PBXSourcesBuildPhase;
			buildActionMask = 2147483647;
			files = (
				27BE8DE41DE707D900346DB2 /* ViewController.m in Sources */,
				27BE8DF61DE707F900346DB2 /* DLPinchableView.m in Sources */,
				27BE8DE11DE707D900346DB2 /* AppDelegate.m in Sources */,
				27BE8DDE1DE707D900346DB2 /* main.m in Sources */,
				27F08C671DE7C7AB00117FB8 /* DLParentPinchableView.m in Sources */,
			);
			runOnlyForDeploymentPostprocessing = 0;
		};
/* End PBXSourcesBuildPhase section */

/* Begin PBXVariantGroup section */
		27BE8DE51DE707D900346DB2 /* Main.storyboard */ = {
			isa = PBXVariantGroup;
			children = (
				27BE8DE61DE707D900346DB2 /* Base */,
			);
			name = Main.storyboard;
			sourceTree = "<group>";
		};
		27BE8DEA1DE707D900346DB2 /* LaunchScreen.storyboard */ = {
			isa = PBXVariantGroup;
			children = (
				27BE8DEB1DE707D900346DB2 /* Base */,
			);
			name = LaunchScreen.storyboard;
			sourceTree = "<group>";
		};
/* End PBXVariantGroup section */

/* Begin XCBuildConfiguration section */
		27BE8DEE1DE707D900346DB2 /* Debug */ = {
			isa = XCBuildConfiguration;
			buildSettings = {
				ALWAYS_SEARCH_USER_PATHS = NO;
				CLANG_ANALYZER_NONNULL = YES;
				CLANG_CXX_LANGUAGE_STANDARD = "gnu++0x";
				CLANG_CXX_LIBRARY = "libc++";
				CLANG_ENABLE_MODULES = YES;
				CLANG_ENABLE_OBJC_ARC = YES;
				CLANG_WARN_BOOL_CONVERSION = YES;
				CLANG_WARN_CONSTANT_CONVERSION = YES;
				CLANG_WARN_DIRECT_OBJC_ISA_USAGE = YES_ERROR;
				CLANG_WARN_EMPTY_BODY = YES;
				CLANG_WARN_ENUM_CONVERSION = YES;
				CLANG_WARN_INT_CONVERSION = YES;
				CLANG_WARN_OBJC_ROOT_CLASS = YES_ERROR;
				CLANG_WARN_UNREACHABLE_CODE = YES;
				CLANG_WARN__DUPLICATE_METHOD_MATCH = YES;
				"CODE_SIGN_IDENTITY[sdk=iphoneos*]" = "iPhone Developer";
				COPY_PHASE_STRIP = NO;
				DEBUG_INFORMATION_FORMAT = dwarf;
				ENABLE_STRICT_OBJC_MSGSEND = YES;
				ENABLE_TESTABILITY = YES;
				GCC_C_LANGUAGE_STANDARD = gnu99;
				GCC_DYNAMIC_NO_PIC = NO;
				GCC_NO_COMMON_BLOCKS = YES;
				GCC_OPTIMIZATION_LEVEL = 0;
				GCC_PREPROCESSOR_DEFINITIONS = (
					"DEBUG=1",
					"$(inherited)",
				);
				GCC_WARN_64_TO_32_BIT_CONVERSION = YES;
				GCC_WARN_ABOUT_RETURN_TYPE = YES_ERROR;
				GCC_WARN_UNDECLARED_SELECTOR = YES;
				GCC_WARN_UNINITIALIZED_AUTOS = YES_AGGRESSIVE;
				GCC_WARN_UNUSED_FUNCTION = YES;
				GCC_WARN_UNUSED_VARIABLE = YES;
				IPHONEOS_DEPLOYMENT_TARGET = 9.3;
				MTL_ENABLE_DEBUG_INFO = YES;
				ONLY_ACTIVE_ARCH = YES;
				SDKROOT = iphoneos;
			};
			name = Debug;
		};
		27BE8DEF1DE707D900346DB2 /* Release */ = {
			isa = XCBuildConfiguration;
			buildSettings = {
				ALWAYS_SEARCH_USER_PATHS = NO;
				CLANG_ANALYZER_NONNULL = YES;
				CLANG_CXX_LANGUAGE_STANDARD = "gnu++0x";
				CLANG_CXX_LIBRARY = "libc++";
				CLANG_ENABLE_MODULES = YES;
				CLANG_ENABLE_OBJC_ARC = YES;
				CLANG_WARN_BOOL_CONVERSION = YES;
				CLANG_WARN_CONSTANT_CONVERSION = YES;
				CLANG_WARN_DIRECT_OBJC_ISA_USAGE = YES_ERROR;
				CLANG_WARN_EMPTY_BODY = YES;
				CLANG_WARN_ENUM_CONVERSION = YES;
				CLANG_WARN_INT_CONVERSION = YES;
				CLANG_WARN_OBJC_ROOT_CLASS = YES_ERROR;
				CLANG_WARN_UNREACHABLE_CODE = YES;
				CLANG_WARN__DUPLICATE_METHOD_MATCH = YES;
				"CODE_SIGN_IDENTITY[sdk=iphoneos*]" = "iPhone Developer";
				COPY_PHASE_STRIP = NO;
				DEBUG_INFORMATION_FORMAT = "dwarf-with-dsym";
				ENABLE_NS_ASSERTIONS = NO;
				ENABLE_STRICT_OBJC_MSGSEND = YES;
				GCC_C_LANGUAGE_STANDARD = gnu99;
				GCC_NO_COMMON_BLOCKS = YES;
				GCC_WARN_64_TO_32_BIT_CONVERSION = YES;
				GCC_WARN_ABOUT_RETURN_TYPE = YES_ERROR;
				GCC_WARN_UNDECLARED_SELECTOR = YES;
				GCC_WARN_UNINITIALIZED_AUTOS = YES_AGGRESSIVE;
				GCC_WARN_UNUSED_FUNCTION = YES;
				GCC_WARN_UNUSED_VARIABLE = YES;
				IPHONEOS_DEPLOYMENT_TARGET = 9.3;
				MTL_ENABLE_DEBUG_INFO = NO;
				SDKROOT = iphoneos;
				VALIDATE_PRODUCT = YES;
			};
			name = Release;
		};
		27BE8DF11DE707D900346DB2 /* Debug */ = {
			isa = XCBuildConfiguration;
			buildSettings = {
				ASSETCATALOG_COMPILER_APPICON_NAME = AppIcon;
				INFOPLIST_FILE = DLPinchableView/Info.plist;
				LD_RUNPATH_SEARCH_PATHS = "$(inherited) @executable_path/Frameworks";
				PRODUCT_BUNDLE_IDENTIFIER = com.dheina.DLPinchableView;
				PRODUCT_NAME = "$(TARGET_NAME)";
			};
			name = Debug;
		};
		27BE8DF21DE707D900346DB2 /* Release */ = {
			isa = XCBuildConfiguration;
			buildSettings = {
				ASSETCATALOG_COMPILER_APPICON_NAME = AppIcon;
				INFOPLIST_FILE = DLPinchableView/Info.plist;
				LD_RUNPATH_SEARCH_PATHS = "$(inherited) @executable_path/Frameworks";
				PRODUCT_BUNDLE_IDENTIFIER = com.dheina.DLPinchableView;
				PRODUCT_NAME = "$(TARGET_NAME)";
			};
			name = Release;
		};
/* End XCBuildConfiguration section */

/* Begin XCConfigurationList section */
		27BE8DD41DE707D900346DB2 /* Build configuration list for PBXProject "DLPinchableView" */ = {
			isa = XCConfigurationList;
			buildConfigurations = (
				27BE8DEE1DE707D900346DB2 /* Debug */,
				27BE8DEF1DE707D900346DB2 /* Release */,
			);
			defaultConfigurationIsVisible = 0;
			defaultConfigurationName = Release;
		};
		27BE8DF01DE707D900346DB2 /* Build configuration list for PBXNativeTarget "DLPinchableView" */ = {
			isa = XCConfigurationList;
			buildConfigurations = (
				27BE8DF11DE707D900346DB2 /* Debug */,
				27BE8DF21DE707D900346DB2 /* Release */,
			);
			defaultConfigurationIsVisible = 0;
			defaultConfigurationName = Release;
		};
/* End XCConfigurationList section */
	};
	rootObject = 27BE8DD11DE707D900346DB2 /* Project object */;
}
